// !$*UTF8*$!
{
	archiveVersion = 1;
	classes = {
	};
	objectVersion = 46;
	objects = {

/* Begin PBXBuildFile section */
		B31EA6DE13709F7700C9F12B /* button-highlight.png in Resources */ = {isa = PBXBuildFile; fileRef = B31EA6DC13709F7700C9F12B /* button-highlight.png */; };
		B31EA6DF13709F7700C9F12B /* button.png in Resources */ = {isa = PBXBuildFile; fileRef = B31EA6DD13709F7700C9F12B /* button.png */; };
		B31EA6E31370AB4900C9F12B /* bg-texture.png in Resources */ = {isa = PBXBuildFile; fileRef = B31EA6E21370AB4900C9F12B /* bg-texture.png */; };
		B31EA6EB1370C8EC00C9F12B /* note.png in Resources */ = {isa = PBXBuildFile; fileRef = B31EA6EA1370C8EC00C9F12B /* note.png */; };
		B31EA6F91370DC2500C9F12B /* note2.png in Resources */ = {isa = PBXBuildFile; fileRef = B31EA6F81370DC2500C9F12B /* note2.png */; };
		B31EA6FB1371031A00C9F12B /* Default.png in Resources */ = {isa = PBXBuildFile; fileRef = B31EA6FA1371031A00C9F12B /* Default.png */; };
		B3506A5A12DD9614006F889E /* MainWindow-iPad.xib in Resources */ = {isa = PBXBuildFile; fileRef = B3506A5812DD9614006F889E /* MainWindow-iPad.xib */; };
		B3706CED12DD6457002889EF /* UIKit.framework in Frameworks */ = {isa = PBXBuildFile; fileRef = B3706CEC12DD6457002889EF /* UIKit.framework */; };
		B3706CEF12DD6457002889EF /* Foundation.framework in Frameworks */ = {isa = PBXBuildFile; fileRef = B3706CEE12DD6457002889EF /* Foundation.framework */; };
		B3706CF112DD6457002889EF /* CoreGraphics.framework in Frameworks */ = {isa = PBXBuildFile; fileRef = B3706CF012DD6457002889EF /* CoreGraphics.framework */; };
		B3706CF712DD6457002889EF /* InfoPlist.strings in Resources */ = {isa = PBXBuildFile; fileRef = B3706CF512DD6457002889EF /* InfoPlist.strings */; };
		B3706CFA12DD6457002889EF /* main.m in Sources */ = {isa = PBXBuildFile; fileRef = B3706CF912DD6457002889EF /* main.m */; };
		B3706CFD12DD6457002889EF /* EventAppAppDelegate.m in Sources */ = {isa = PBXBuildFile; fileRef = B3706CFC12DD6457002889EF /* EventAppAppDelegate.m */; };
		B3706D0012DD6457002889EF /* MainWindow.xib in Resources */ = {isa = PBXBuildFile; fileRef = B3706CFE12DD6457002889EF /* MainWindow.xib */; };
		B3706D0312DD6457002889EF /* EventAppViewController.m in Sources */ = {isa = PBXBuildFile; fileRef = B3706D0212DD6457002889EF /* EventAppViewController.m */; };
		B3706D0612DD6457002889EF /* EventAppViewController.xib in Resources */ = {isa = PBXBuildFile; fileRef = B3706D0412DD6457002889EF /* EventAppViewController.xib */; };
		B3A66DFA12DD64AF00EE90EE /* EventKit.framework in Frameworks */ = {isa = PBXBuildFile; fileRef = B3A66DF912DD64AF00EE90EE /* EventKit.framework */; };
		B3FE03E913724B22000639EC /* bell-114.png in Resources */ = {isa = PBXBuildFile; fileRef = B3FE03E813724B22000639EC /* bell-114.png */; };
		B3FE03EB13724B27000639EC /* bell-57.png in Resources */ = {isa = PBXBuildFile; fileRef = B3FE03EA13724B27000639EC /* bell-57.png */; };
		B3FE03ED13724B2F000639EC /* bell-72.png in Resources */ = {isa = PBXBuildFile; fileRef = B3FE03EC13724B2F000639EC /* bell-72.png */; };
/* End PBXBuildFile section */

/* Begin PBXFileReference section */
		B31EA6DC13709F7700C9F12B /* button-highlight.png */ = {isa = PBXFileReference; lastKnownFileType = image.png; path = "button-highlight.png"; sourceTree = "<group>"; };
		B31EA6DD13709F7700C9F12B /* button.png */ = {isa = PBXFileReference; lastKnownFileType = image.png; path = button.png; sourceTree = "<group>"; };
		B31EA6E21370AB4900C9F12B /* bg-texture.png */ = {isa = PBXFileReference; lastKnownFileType = image.png; path = "bg-texture.png"; sourceTree = "<group>"; };
		B31EA6EA1370C8EC00C9F12B /* note.png */ = {isa = PBXFileReference; lastKnownFileType = image.png; path = note.png; sourceTree = "<group>"; };
		B31EA6F81370DC2500C9F12B /* note2.png */ = {isa = PBXFileReference; lastKnownFileType = image.png; path = note2.png; sourceTree = "<group>"; };
		B31EA6FA1371031A00C9F12B /* Default.png */ = {isa = PBXFileReference; lastKnownFileType = image.png; path = Default.png; sourceTree = "<group>"; };
		B3506A5912DD9614006F889E /* en */ = {isa = PBXFileReference; lastKnownFileType = file.xib; name = en; path = "iPad/en.lproj/MainWindow-iPad.xib"; sourceTree = "<group>"; };
		B3706CE812DD6457002889EF /* Reminder.app */ = {isa = PBXFileReference; explicitFileType = wrapper.application; includeInIndex = 0; path = Reminder.app; sourceTree = BUILT_PRODUCTS_DIR; };
		B3706CEC12DD6457002889EF /* UIKit.framework */ = {isa = PBXFileReference; lastKnownFileType = wrapper.framework; name = UIKit.framework; path = System/Library/Frameworks/UIKit.framework; sourceTree = SDKROOT; };
		B3706CEE12DD6457002889EF /* Foundation.framework */ = {isa = PBXFileReference; lastKnownFileType = wrapper.framework; name = Foundation.framework; path = System/Library/Frameworks/Foundation.framework; sourceTree = SDKROOT; };
		B3706CF012DD6457002889EF /* CoreGraphics.framework */ = {isa = PBXFileReference; lastKnownFileType = wrapper.framework; name = CoreGraphics.framework; path = System/Library/Frameworks/CoreGraphics.framework; sourceTree = SDKROOT; };
		B3706CF412DD6457002889EF /* Reminder-Info.plist */ = {isa = PBXFileReference; lastKnownFileType = text.plist.xml; path = "Reminder-Info.plist"; sourceTree = "<group>"; };
		B3706CF612DD6457002889EF /* en */ = {isa = PBXFileReference; lastKnownFileType = text.plist.strings; name = en; path = en.lproj/InfoPlist.strings; sourceTree = "<group>"; };
		B3706CF812DD6457002889EF /* EventApp-Prefix.pch */ = {isa = PBXFileReference; lastKnownFileType = sourcecode.c.h; path = "EventApp-Prefix.pch"; sourceTree = "<group>"; };
		B3706CF912DD6457002889EF /* main.m */ = {isa = PBXFileReference; lastKnownFileType = sourcecode.c.objc; path = main.m; sourceTree = "<group>"; };
		B3706CFB12DD6457002889EF /* EventAppAppDelegate.h */ = {isa = PBXFileReference; lastKnownFileType = sourcecode.c.h; path = EventAppAppDelegate.h; sourceTree = "<group>"; };
		B3706CFC12DD6457002889EF /* EventAppAppDelegate.m */ = {isa = PBXFileReference; lastKnownFileType = sourcecode.c.objc; path = EventAppAppDelegate.m; sourceTree = "<group>"; };
		B3706CFF12DD6457002889EF /* en */ = {isa = PBXFileReference; lastKnownFileType = file.xib; name = en; path = en.lproj/MainWindow.xib; sourceTree = "<group>"; };
		B3706D0112DD6457002889EF /* EventAppViewController.h */ = {isa = PBXFileReference; lastKnownFileType = sourcecode.c.h; path = EventAppViewController.h; sourceTree = "<group>"; };
		B3706D0212DD6457002889EF /* EventAppViewController.m */ = {isa = PBXFileReference; fileEncoding = 4; lastKnownFileType = sourcecode.c.objc; path = EventAppViewController.m; sourceTree = "<group>"; };
		B3706D0512DD6457002889EF /* en */ = {isa = PBXFileReference; lastKnownFileType = file.xib; name = en; path = en.lproj/EventAppViewController.xib; sourceTree = "<group>"; };
		B3A66DF912DD64AF00EE90EE /* EventKit.framework */ = {isa = PBXFileReference; lastKnownFileType = wrapper.framework; name = EventKit.framework; path = System/Library/Frameworks/EventKit.framework; sourceTree = SDKROOT; };
		B3FE03E813724B22000639EC /* bell-114.png */ = {isa = PBXFileReference; lastKnownFileType = image.png; path = "bell-114.png"; sourceTree = "<group>"; };
		B3FE03EA13724B27000639EC /* bell-57.png */ = {isa = PBXFileReference; lastKnownFileType = image.png; path = "bell-57.png"; sourceTree = "<group>"; };
		B3FE03EC13724B2F000639EC /* bell-72.png */ = {isa = PBXFileReference; lastKnownFileType = image.png; path = "bell-72.png"; sourceTree = "<group>"; };
/* End PBXFileReference section */

/* Begin PBXFrameworksBuildPhase section */
		B3706CE512DD6457002889EF /* Frameworks */ = {
			isa = PBXFrameworksBuildPhase;
			buildActionMask = 2147483647;
			files = (
				B3706CED12DD6457002889EF /* UIKit.framework in Frameworks */,
				B3706CEF12DD6457002889EF /* Foundation.framework in Frameworks */,
				B3706CF112DD6457002889EF /* CoreGraphics.framework in Frameworks */,
				B3A66DFA12DD64AF00EE90EE /* EventKit.framework in Frameworks */,
			);
			runOnlyForDeploymentPostprocessing = 0;
		};
/* End PBXFrameworksBuildPhase section */

/* Begin PBXGroup section */
		B3506A5712DD9613006F889E /* iPad */ = {
			isa = PBXGroup;
			children = (
				B3506A5812DD9614006F889E /* MainWindow-iPad.xib */,
			);
			name = iPad;
			sourceTree = "<group>";
		};
		B3706CDD12DD6457002889EF = {
			isa = PBXGroup;
			children = (
				B3FE03EC13724B2F000639EC /* bell-72.png */,
				B3FE03EA13724B27000639EC /* bell-57.png */,
				B3FE03E813724B22000639EC /* bell-114.png */,
				B31EA6FA1371031A00C9F12B /* Default.png */,
				B3706CF212DD6457002889EF /* Reminder */,
				B3706CEB12DD6457002889EF /* Frameworks */,
				B3706CE912DD6457002889EF /* Products */,
			);
			sourceTree = "<group>";
		};
		B3706CE912DD6457002889EF /* Products */ = {
			isa = PBXGroup;
			children = (
				B3706CE812DD6457002889EF /* Reminder.app */,
			);
			name = Products;
			sourceTree = "<group>";
		};
		B3706CEB12DD6457002889EF /* Frameworks */ = {
			isa = PBXGroup;
			children = (
				B3706CEC12DD6457002889EF /* UIKit.framework */,
				B3706CEE12DD6457002889EF /* Foundation.framework */,
				B3706CF012DD6457002889EF /* CoreGraphics.framework */,
				B3A66DF912DD64AF00EE90EE /* EventKit.framework */,
			);
			name = Frameworks;
			sourceTree = "<group>";
		};
		B3706CF212DD6457002889EF /* Reminder */ = {
			isa = PBXGroup;
			children = (
				B3506A5712DD9613006F889E /* iPad */,
				B3706CFB12DD6457002889EF /* EventAppAppDelegate.h */,
				B3706CFC12DD6457002889EF /* EventAppAppDelegate.m */,
				B3706CFE12DD6457002889EF /* MainWindow.xib */,
				B3706D0112DD6457002889EF /* EventAppViewController.h */,
				B3706D0212DD6457002889EF /* EventAppViewController.m */,
				B3706D0412DD6457002889EF /* EventAppViewController.xib */,
				B3706CF312DD6457002889EF /* Supporting Files */,
			);
			name = Reminder;
			path = EventApp;
			sourceTree = "<group>";
		};
		B3706CF312DD6457002889EF /* Supporting Files */ = {
			isa = PBXGroup;
			children = (
				B31EA6EA1370C8EC00C9F12B /* note.png */,
				B31EA6F81370DC2500C9F12B /* note2.png */,
				B31EA6E21370AB4900C9F12B /* bg-texture.png */,
				B31EA6DC13709F7700C9F12B /* button-highlight.png */,
				B31EA6DD13709F7700C9F12B /* button.png */,
				B3706CF412DD6457002889EF /* Reminder-Info.plist */,
				B3706CF512DD6457002889EF /* InfoPlist.strings */,
				B3706CF812DD6457002889EF /* EventApp-Prefix.pch */,
				B3706CF912DD6457002889EF /* main.m */,
			);
			name = "Supporting Files";
			sourceTree = "<group>";
		};
/* End PBXGroup section */

/* Begin PBXNativeTarget section */
		B3706CE712DD6457002889EF /* Reminder */ = {
			isa = PBXNativeTarget;
			buildConfigurationList = B3706D0912DD6457002889EF /* Build configuration list for PBXNativeTarget "Reminder" */;
			buildPhases = (
				B3706CE412DD6457002889EF /* Sources */,
				B3706CE512DD6457002889EF /* Frameworks */,
				B3706CE612DD6457002889EF /* Resources */,
			);
			buildRules = (
			);
			dependencies = (
			);
			name = Reminder;
			productName = EventApp;
			productReference = B3706CE812DD6457002889EF /* Reminder.app */;
			productType = "com.apple.product-type.application";
		};
/* End PBXNativeTarget section */

/* Begin PBXProject section */
		B3706CDF12DD6457002889EF /* Project object */ = {
			isa = PBXProject;
			buildConfigurationList = B3706CE212DD6457002889EF /* Build configuration list for PBXProject "Reminder" */;
			compatibilityVersion = "Xcode 3.2";
			developmentRegion = English;
			hasScannedForEncodings = 0;
			knownRegions = (
				en,
			);
			mainGroup = B3706CDD12DD6457002889EF;
			productRefGroup = B3706CE912DD6457002889EF /* Products */;
			projectDirPath = "";
			projectRoot = "";
			targets = (
				B3706CE712DD6457002889EF /* Reminder */,
			);
		};
/* End PBXProject section */

/* Begin PBXResourcesBuildPhase section */
		B3706CE612DD6457002889EF /* Resources */ = {
			isa = PBXResourcesBuildPhase;
			buildActionMask = 2147483647;
			files = (
				B3706CF712DD6457002889EF /* InfoPlist.strings in Resources */,
				B3706D0012DD6457002889EF /* MainWindow.xib in Resources */,
				B3706D0612DD6457002889EF /* EventAppViewController.xib in Resources */,
				B3506A5A12DD9614006F889E /* MainWindow-iPad.xib in Resources */,
				B31EA6DE13709F7700C9F12B /* button-highlight.png in Resources */,
				B31EA6DF13709F7700C9F12B /* button.png in Resources */,
				B31EA6E31370AB4900C9F12B /* bg-texture.png in Resources */,
				B31EA6EB1370C8EC00C9F12B /* note.png in Resources */,
				B31EA6F91370DC2500C9F12B /* note2.png in Resources */,
				B31EA6FB1371031A00C9F12B /* Default.png in Resources */,
				B3FE03E913724B22000639EC /* bell-114.png in Resources */,
				B3FE03EB13724B27000639EC /* bell-57.png in Resources */,
				B3FE03ED13724B2F000639EC /* bell-72.png in Resources */,
			);
			runOnlyForDeploymentPostprocessing = 0;
		};
/* End PBXResourcesBuildPhase section */

/* Begin PBXSourcesBuildPhase section */
		B3706CE412DD6457002889EF /* Sources */ = {
			isa = PBXSourcesBuildPhase;
			buildActionMask = 2147483647;
			files = (
				B3706CFA12DD6457002889EF /* main.m in Sources */,
				B3706CFD12DD6457002889EF /* EventAppAppDelegate.m in Sources */,
				B3706D0312DD6457002889EF /* EventAppViewController.m in Sources */,
			);
			runOnlyForDeploymentPostprocessing = 0;
		};
/* End PBXSourcesBuildPhase section */

/* Begin PBXVariantGroup section */
		B3506A5812DD9614006F889E /* MainWindow-iPad.xib */ = {
			isa = PBXVariantGroup;
			children = (
				B3506A5912DD9614006F889E /* en */,
			);
			name = "MainWindow-iPad.xib";
			sourceTree = "<group>";
		};
		B3706CF512DD6457002889EF /* InfoPlist.strings */ = {
			isa = PBXVariantGroup;
			children = (
				B3706CF612DD6457002889EF /* en */,
			);
			name = InfoPlist.strings;
			sourceTree = "<group>";
		};
		B3706CFE12DD6457002889EF /* MainWindow.xib */ = {
			isa = PBXVariantGroup;
			children = (
				B3706CFF12DD6457002889EF /* en */,
			);
			name = MainWindow.xib;
			sourceTree = "<group>";
		};
		B3706D0412DD6457002889EF /* EventAppViewController.xib */ = {
			isa = PBXVariantGroup;
			children = (
				B3706D0512DD6457002889EF /* en */,
			);
			name = EventAppViewController.xib;
			sourceTree = "<group>";
		};
/* End PBXVariantGroup section */

/* Begin XCBuildConfiguration section */
		B3706D0712DD6457002889EF /* Debug */ = {
			isa = XCBuildConfiguration;
			buildSettings = {
				ARCHS = "$(ARCHS_STANDARD_32_BIT)";
				CODE_SIGN_IDENTITY = "iPhone Developer: Sebastian Engel (R7626END4J)";
				"CODE_SIGN_IDENTITY[sdk=iphoneos*]" = "iPhone Developer: Sebastian Engel (R7626END4J)";
				GCC_C_LANGUAGE_STANDARD = gnu99;
				GCC_OPTIMIZATION_LEVEL = 0;
				GCC_PREPROCESSOR_DEFINITIONS = DEBUG;
				GCC_WARN_ABOUT_RETURN_TYPE = YES;
				GCC_WARN_UNUSED_VARIABLE = YES;
				IPHONEOS_DEPLOYMENT_TARGET = 4.2;
				PROVISIONING_PROFILE = "0A6D5FD9-5636-426E-9365-BDBB5574D1DF";
				"PROVISIONING_PROFILE[sdk=iphoneos*]" = "60B4DFB2-7D03-4628-BBBB-1C27E2FDBF6C";
				SDKROOT = iphoneos;
			};
			name = Debug;
		};
		B3706D0812DD6457002889EF /* Release */ = {
			isa = XCBuildConfiguration;
			buildSettings = {
				ARCHS = "$(ARCHS_STANDARD_32_BIT)";
				CODE_SIGN_IDENTITY = "iPhone Developer: Sebastian Engel (R7626END4J)";
				"CODE_SIGN_IDENTITY[sdk=iphoneos*]" = "iPhone Developer: Sebastian Engel (R7626END4J)";
				GCC_C_LANGUAGE_STANDARD = gnu99;
				GCC_WARN_ABOUT_RETURN_TYPE = YES;
				GCC_WARN_UNUSED_VARIABLE = YES;
				IPHONEOS_DEPLOYMENT_TARGET = 4.2;
				OTHER_CFLAGS = "-DNS_BLOCK_ASSERTIONS=1";
				PROVISIONING_PROFILE = "0A6D5FD9-5636-426E-9365-BDBB5574D1DF";
				"PROVISIONING_PROFILE[sdk=iphoneos*]" = "60B4DFB2-7D03-4628-BBBB-1C27E2FDBF6C";
				SDKROOT = iphoneos;
			};
			name = Release;
		};
		B3706D0A12DD6457002889EF /* Debug */ = {
			isa = XCBuildConfiguration;
			buildSettings = {
				ALWAYS_SEARCH_USER_PATHS = NO;
				CODE_SIGN_IDENTITY = "iPhone Developer";
				COPY_PHASE_STRIP = NO;
				GCC_DYNAMIC_NO_PIC = NO;
				GCC_PRECOMPILE_PREFIX_HEADER = YES;
				GCC_PREFIX_HEADER = "EventApp/EventApp-Prefix.pch";
				INFOPLIST_FILE = "EventApp/Reminder-Info.plist";
				IPHONEOS_DEPLOYMENT_TARGET = 4.3;
				PRODUCT_NAME = Reminder;
				PROVISIONING_PROFILE = "";
				TARGETED_DEVICE_FAMILY = "1,2";
				WRAPPER_EXTENSION = app;
			};
			name = Debug;
		};
		B3706D0B12DD6457002889EF /* Release */ = {
			isa = XCBuildConfiguration;
			buildSettings = {
				ALWAYS_SEARCH_USER_PATHS = NO;
				CODE_SIGN_IDENTITY = "iPhone Developer";
				COPY_PHASE_STRIP = YES;
				GCC_PRECOMPILE_PREFIX_HEADER = YES;
				GCC_PREFIX_HEADER = "EventApp/EventApp-Prefix.pch";
				INFOPLIST_FILE = "EventApp/Reminder-Info.plist";
				IPHONEOS_DEPLOYMENT_TARGET = 4.3;
				PRODUCT_NAME = Reminder;
				PROVISIONING_PROFILE = "";
				TARGETED_DEVICE_FAMILY = "1,2";
				VALIDATE_PRODUCT = YES;
				WRAPPER_EXTENSION = app;
			};
			name = Release;
		};
/* End XCBuildConfiguration section */

/* Begin XCConfigurationList section */
		B3706CE212DD6457002889EF /* Build configuration list for PBXProject "Reminder" */ = {
			isa = XCConfigurationList;
			buildConfigurations = (
				B3706D0712DD6457002889EF /* Debug */,
				B3706D0812DD6457002889EF /* Release */,
			);
			defaultConfigurationIsVisible = 0;
			defaultConfigurationName = Release;
		};
		B3706D0912DD6457002889EF /* Build configuration list for PBXNativeTarget "Reminder" */ = {
			isa = XCConfigurationList;
			buildConfigurations = (
				B3706D0A12DD6457002889EF /* Debug */,
				B3706D0B12DD6457002889EF /* Release */,
			);
			defaultConfigurationIsVisible = 0;
			defaultConfigurationName = Release;
		};
/* End XCConfigurationList section */
	};
	rootObject = B3706CDF12DD6457002889EF /* Project object */;
}
